
Microsoft Visual Studio Solution File, Format Version 12.00
# Visual Studio Version 16
VisualStudioVersion = 16.0.29613.14
MinimumVisualStudioVersion = 10.0.40219.1
Project("{8BC9CEB8-8B4A-11D0-8D11-00A0C91BC942}") = "progonka", "progonka\progonka.vcxproj", "{BA47FC5D-1125-44DC-AE2D-9FFCB54297F0}"
EndProject
Global
	GlobalSection(SolutionConfigurationPlatforms) = preSolution
		Debug|x64 = Debug|x64
		Release|x64 = Release|x64
	EndGlobalSection
	GlobalSection(ProjectConfigurationPlatforms) = postSolution
		{BA47FC5D-1125-44DC-AE2D-9FFCB54297F0}.Debug|x64.ActiveCfg = Debug|x64
		{BA47FC5D-1125-44DC-AE2D-9FFCB54297F0}.Debug|x64.Build.0 = Debug|x64
		{BA47FC5D-1125-44DC-AE2D-9FFCB54297F0}.Release|x64.ActiveCfg = Release|x64
		{BA47FC5D-1125-44DC-AE2D-9FFCB54297F0}.Release|x64.Build.0 = Release|x64
	EndGlobalSection
	GlobalSection(SolutionProperties) = preSolution
		HideSolutionNode = FALSE
	EndGlobalSection
	GlobalSection(ExtensibilityGlobals) = postSolution
		SolutionGuid = {9849B01E-8741-4CE0-88B5-1AF28D276213}
	EndGlobalSection
EndGlobal
